
Microsoft Visual Studio Solution File, Format Version 12.00
# Visual Studio Version 16
VisualStudioVersion = 16.0.32002.261
MinimumVisualStudioVersion = 10.0.40219.1
Project("{FAE04EC0-301F-11D3-BF4B-00C04F79EFBC}") = "TaxCalculatorApp.UWP", "TaxCalculatorApp\TaxCalculatorApp.UWP\TaxCalculatorApp.UWP.csproj", "{99201FE3-9BBB-426B-8512-7F08EFC59F66}"
EndProject
Project("{FAE04EC0-301F-11D3-BF4B-00C04F79EFBC}") = "TaxCalculatorApp.Android", "TaxCalculatorApp\TaxCalculatorApp.Android\TaxCalculatorApp.Android.csproj", "{28962A20-6C99-430D-A0DA-DB15D0E8D618}"
EndProject
Project("{FAE04EC0-301F-11D3-BF4B-00C04F79EFBC}") = "TaxCalculatorApp.iOS", "TaxCalculatorApp\TaxCalculatorApp.iOS\TaxCalculatorApp.iOS.csproj", "{10A5B743-4326-4017-87BA-706CFAD5DA7D}"
EndProject
Project("{FAE04EC0-301F-11D3-BF4B-00C04F79EFBC}") = "TaxCalculatorApp", "TaxCalculatorApp\TaxCalculatorApp\TaxCalculatorApp.csproj", "{C8C481FE-D23F-41E5-ABAA-4D9A771F9A62}"
EndProject
Project("{2150E333-8FDC-42A3-9474-1A3956D46DE8}") = "Solution Items", "Solution Items", "{1B9C991C-223D-452A-B895-C5CCB53687A9}"
	ProjectSection(SolutionItems) = preProject
		.editorconfig = .editorconfig
	EndProjectSection
EndProject
Global
	GlobalSection(SolutionConfigurationPlatforms) = preSolution
		Debug|Any CPU = Debug|Any CPU
		Debug|ARM = Debug|ARM
		Debug|iPhone = Debug|iPhone
		Debug|iPhoneSimulator = Debug|iPhoneSimulator
		Debug|x64 = Debug|x64
		Debug|x86 = Debug|x86
		Release|Any CPU = Release|Any CPU
		Release|ARM = Release|ARM
		Release|iPhone = Release|iPhone
		Release|iPhoneSimulator = Release|iPhoneSimulator
		Release|x64 = Release|x64
		Release|x86 = Release|x86
	EndGlobalSection
	GlobalSection(ProjectConfigurationPlatforms) = postSolution
		{99201FE3-9BBB-426B-8512-7F08EFC59F66}.Debug|Any CPU.ActiveCfg = Debug|x86
		{99201FE3-9BBB-426B-8512-7F08EFC59F66}.Debug|Any CPU.Build.0 = Debug|x86
		{99201FE3-9BBB-426B-8512-7F08EFC59F66}.Debug|Any CPU.Deploy.0 = Debug|x86
		{99201FE3-9BBB-426B-8512-7F08EFC59F66}.Debug|ARM.ActiveCfg = Debug|ARM
		{99201FE3-9BBB-426B-8512-7F08EFC59F66}.Debug|ARM.Build.0 = Debug|ARM
		{99201FE3-9BBB-426B-8512-7F08EFC59F66}.Debug|ARM.Deploy.0 = Debug|ARM
		{99201FE3-9BBB-426B-8512-7F08EFC59F66}.Debug|iPhone.ActiveCfg = Debug|x86
		{99201FE3-9BBB-426B-8512-7F08EFC59F66}.Debug|iPhone.Build.0 = Debug|x86
		{99201FE3-9BBB-426B-8512-7F08EFC59F66}.Debug|iPhone.Deploy.0 = Debug|x86
		{99201FE3-9BBB-426B-8512-7F08EFC59F66}.Debug|iPhoneSimulator.ActiveCfg = Debug|x86
		{99201FE3-9BBB-426B-8512-7F08EFC59F66}.Debug|iPhoneSimulator.Build.0 = Debug|x86
		{99201FE3-9BBB-426B-8512-7F08EFC59F66}.Debug|iPhoneSimulator.Deploy.0 = Debug|x86
		{99201FE3-9BBB-426B-8512-7F08EFC59F66}.Debug|x64.ActiveCfg = Debug|x64
		{99201FE3-9BBB-426B-8512-7F08EFC59F66}.Debug|x64.Build.0 = Debug|x64
		{99201FE3-9BBB-426B-8512-7F08EFC59F66}.Debug|x64.Deploy.0 = Debug|x64
		{99201FE3-9BBB-426B-8512-7F08EFC59F66}.Debug|x86.ActiveCfg = Debug|x86
		{99201FE3-9BBB-426B-8512-7F08EFC59F66}.Debug|x86.Build.0 = Debug|x86
		{99201FE3-9BBB-426B-8512-7F08EFC59F66}.Debug|x86.Deploy.0 = Debug|x86
		{99201FE3-9BBB-426B-8512-7F08EFC59F66}.Release|Any CPU.ActiveCfg = Release|x86
		{99201FE3-9BBB-426B-8512-7F08EFC59F66}.Release|Any CPU.Build.0 = Release|x86
		{99201FE3-9BBB-426B-8512-7F08EFC59F66}.Release|Any CPU.Deploy.0 = Release|x86
		{99201FE3-9BBB-426B-8512-7F08EFC59F66}.Release|ARM.ActiveCfg = Release|ARM
		{99201FE3-9BBB-426B-8512-7F08EFC59F66}.Release|ARM.Build.0 = Release|ARM
		{99201FE3-9BBB-426B-8512-7F08EFC59F66}.Release|ARM.Deploy.0 = Release|ARM
		{99201FE3-9BBB-426B-8512-7F08EFC59F66}.Release|iPhone.ActiveCfg = Release|x86
		{99201FE3-9BBB-426B-8512-7F08EFC59F66}.Release|iPhone.Build.0 = Release|x86
		{99201FE3-9BBB-426B-8512-7F08EFC59F66}.Release|iPhone.Deploy.0 = Release|x86
		{99201FE3-9BBB-426B-8512-7F08EFC59F66}.Release|iPhoneSimulator.ActiveCfg = Release|x86
		{99201FE3-9BBB-426B-8512-7F08EFC59F66}.Release|iPhoneSimulator.Build.0 = Release|x86
		{99201FE3-9BBB-426B-8512-7F08EFC59F66}.Release|iPhoneSimulator.Deploy.0 = Release|x86
		{99201FE3-9BBB-426B-8512-7F08EFC59F66}.Release|x64.ActiveCfg = Release|x64
		{99201FE3-9BBB-426B-8512-7F08EFC59F66}.Release|x64.Build.0 = Release|x64
		{99201FE3-9BBB-426B-8512-7F08EFC59F66}.Release|x64.Deploy.0 = Release|x64
		{99201FE3-9BBB-426B-8512-7F08EFC59F66}.Release|x86.ActiveCfg = Release|x86
		{99201FE3-9BBB-426B-8512-7F08EFC59F66}.Release|x86.Build.0 = Release|x86
		{99201FE3-9BBB-426B-8512-7F08EFC59F66}.Release|x86.Deploy.0 = Release|x86
		{28962A20-6C99-430D-A0DA-DB15D0E8D618}.Debug|Any CPU.ActiveCfg = Debug|Any CPU
		{28962A20-6C99-430D-A0DA-DB15D0E8D618}.Debug|Any CPU.Build.0 = Debug|Any CPU
		{28962A20-6C99-430D-A0DA-DB15D0E8D618}.Debug|Any CPU.Deploy.0 = Debug|Any CPU
		{28962A20-6C99-430D-A0DA-DB15D0E8D618}.Debug|ARM.ActiveCfg = Debug|Any CPU
		{28962A20-6C99-430D-A0DA-DB15D0E8D618}.Debug|ARM.Build.0 = Debug|Any CPU
		{28962A20-6C99-430D-A0DA-DB15D0E8D618}.Debug|ARM.Deploy.0 = Debug|Any CPU
		{28962A20-6C99-430D-A0DA-DB15D0E8D618}.Debug|iPhone.ActiveCfg = Debug|Any CPU
		{28962A20-6C99-430D-A0DA-DB15D0E8D618}.Debug|iPhone.Build.0 = Debug|Any CPU
		{28962A20-6C99-430D-A0DA-DB15D0E8D618}.Debug|iPhone.Deploy.0 = Debug|Any CPU
		{28962A20-6C99-430D-A0DA-DB15D0E8D618}.Debug|iPhoneSimulator.ActiveCfg = Debug|Any CPU
		{28962A20-6C99-430D-A0DA-DB15D0E8D618}.Debug|iPhoneSimulator.Build.0 = Debug|Any CPU
		{28962A20-6C99-430D-A0DA-DB15D0E8D618}.Debug|iPhoneSimulator.Deploy.0 = Debug|Any CPU
		{28962A20-6C99-430D-A0DA-DB15D0E8D618}.Debug|x64.ActiveCfg = Debug|Any CPU
		{28962A20-6C99-430D-A0DA-DB15D0E8D618}.Debug|x64.Build.0 = Debug|Any CPU
		{28962A20-6C99-430D-A0DA-DB15D0E8D618}.Debug|x64.Deploy.0 = Debug|Any CPU
		{28962A20-6C99-430D-A0DA-DB15D0E8D618}.Debug|x86.ActiveCfg = Debug|Any CPU
		{28962A20-6C99-430D-A0DA-DB15D0E8D618}.Debug|x86.Build.0 = Debug|Any CPU
		{28962A20-6C99-430D-A0DA-DB15D0E8D618}.Debug|x86.Deploy.0 = Debug|Any CPU
		{28962A20-6C99-430D-A0DA-DB15D0E8D618}.Release|Any CPU.ActiveCfg = Release|Any CPU
		{28962A20-6C99-430D-A0DA-DB15D0E8D618}.Release|Any CPU.Build.0 = Release|Any CPU
		{28962A20-6C99-430D-A0DA-DB15D0E8D618}.Release|Any CPU.Deploy.0 = Release|Any CPU
		{28962A20-6C99-430D-A0DA-DB15D0E8D618}.Release|ARM.ActiveCfg = Release|Any CPU
		{28962A20-6C99-430D-A0DA-DB15D0E8D618}.Release|ARM.Build.0 = Release|Any CPU
		{28962A20-6C99-430D-A0DA-DB15D0E8D618}.Release|ARM.Deploy.0 = Release|Any CPU
		{28962A20-6C99-430D-A0DA-DB15D0E8D618}.Release|iPhone.ActiveCfg = Release|Any CPU
		{28962A20-6C99-430D-A0DA-DB15D0E8D618}.Release|iPhone.Build.0 = Release|Any CPU
		{28962A20-6C99-430D-A0DA-DB15D0E8D618}.Release|iPhone.Deploy.0 = Release|Any CPU
		{28962A20-6C99-430D-A0DA-DB15D0E8D618}.Release|iPhoneSimulator.ActiveCfg = Release|Any CPU
		{28962A20-6C99-430D-A0DA-DB15D0E8D618}.Release|iPhoneSimulator.Build.0 = Release|Any CPU
		{28962A20-6C99-430D-A0DA-DB15D0E8D618}.Release|iPhoneSimulator.Deploy.0 = Release|Any CPU
		{28962A20-6C99-430D-A0DA-DB15D0E8D618}.Release|x64.ActiveCfg = Release|Any CPU
		{28962A20-6C99-430D-A0DA-DB15D0E8D618}.Release|x64.Build.0 = Release|Any CPU
		{28962A20-6C99-430D-A0DA-DB15D0E8D618}.Release|x64.Deploy.0 = Release|Any CPU
		{28962A20-6C99-430D-A0DA-DB15D0E8D618}.Release|x86.ActiveCfg = Release|Any CPU
		{28962A20-6C99-430D-A0DA-DB15D0E8D618}.Release|x86.Build.0 = Release|Any CPU
		{28962A20-6C99-430D-A0DA-DB15D0E8D618}.Release|x86.Deploy.0 = Release|Any CPU
		{10A5B743-4326-4017-87BA-706CFAD5DA7D}.Debug|Any CPU.ActiveCfg = Debug|iPhoneSimulator
		{10A5B743-4326-4017-87BA-706CFAD5DA7D}.Debug|Any CPU.Build.0 = Debug|iPhoneSimulator
		{10A5B743-4326-4017-87BA-706CFAD5DA7D}.Debug|Any CPU.Deploy.0 = Debug|iPhoneSimulator
		{10A5B743-4326-4017-87BA-706CFAD5DA7D}.Debug|ARM.ActiveCfg = Debug|iPhone
		{10A5B743-4326-4017-87BA-706CFAD5DA7D}.Debug|ARM.Build.0 = Debug|iPhone
		{10A5B743-4326-4017-87BA-706CFAD5DA7D}.Debug|ARM.Deploy.0 = Debug|iPhone
		{10A5B743-4326-4017-87BA-706CFAD5DA7D}.Debug|iPhone.ActiveCfg = Debug|iPhone
		{10A5B743-4326-4017-87BA-706CFAD5DA7D}.Debug|iPhone.Build.0 = Debug|iPhone
		{10A5B743-4326-4017-87BA-706CFAD5DA7D}.Debug|iPhone.Deploy.0 = Debug|iPhone
		{10A5B743-4326-4017-87BA-706CFAD5DA7D}.Debug|iPhoneSimulator.ActiveCfg = Debug|iPhoneSimulator
		{10A5B743-4326-4017-87BA-706CFAD5DA7D}.Debug|iPhoneSimulator.Build.0 = Debug|iPhoneSimulator
		{10A5B743-4326-4017-87BA-706CFAD5DA7D}.Debug|iPhoneSimulator.Deploy.0 = Debug|iPhoneSimulator
		{10A5B743-4326-4017-87BA-706CFAD5DA7D}.Debug|x64.ActiveCfg = Debug|iPhoneSimulator
		{10A5B743-4326-4017-87BA-706CFAD5DA7D}.Debug|x64.Build.0 = Debug|iPhoneSimulator
		{10A5B743-4326-4017-87BA-706CFAD5DA7D}.Debug|x64.Deploy.0 = Debug|iPhoneSimulator
		{10A5B743-4326-4017-87BA-706CFAD5DA7D}.Debug|x86.ActiveCfg = Debug|iPhoneSimulator
		{10A5B743-4326-4017-87BA-706CFAD5DA7D}.Debug|x86.Build.0 = Debug|iPhoneSimulator
		{10A5B743-4326-4017-87BA-706CFAD5DA7D}.Debug|x86.Deploy.0 = Debug|iPhoneSimulator
		{10A5B743-4326-4017-87BA-706CFAD5DA7D}.Release|Any CPU.ActiveCfg = Release|iPhoneSimulator
		{10A5B743-4326-4017-87BA-706CFAD5DA7D}.Release|Any CPU.Build.0 = Release|iPhoneSimulator
		{10A5B743-4326-4017-87BA-706CFAD5DA7D}.Release|Any CPU.Deploy.0 = Release|iPhoneSimulator
		{10A5B743-4326-4017-87BA-706CFAD5DA7D}.Release|ARM.ActiveCfg = Release|iPhoneSimulator
		{10A5B743-4326-4017-87BA-706CFAD5DA7D}.Release|ARM.Build.0 = Release|iPhoneSimulator
		{10A5B743-4326-4017-87BA-706CFAD5DA7D}.Release|ARM.Deploy.0 = Release|iPhoneSimulator
		{10A5B743-4326-4017-87BA-706CFAD5DA7D}.Release|iPhone.ActiveCfg = Release|iPhone
		{10A5B743-4326-4017-87BA-706CFAD5DA7D}.Release|iPhone.Build.0 = Release|iPhone
		{10A5B743-4326-4017-87BA-706CFAD5DA7D}.Release|iPhone.Deploy.0 = Release|iPhone
		{10A5B743-4326-4017-87BA-706CFAD5DA7D}.Release|iPhoneSimulator.ActiveCfg = Release|iPhoneSimulator
		{10A5B743-4326-4017-87BA-706CFAD5DA7D}.Release|iPhoneSimulator.Build.0 = Release|iPhoneSimulator
		{10A5B743-4326-4017-87BA-706CFAD5DA7D}.Release|iPhoneSimulator.Deploy.0 = Release|iPhoneSimulator
		{10A5B743-4326-4017-87BA-706CFAD5DA7D}.Release|x64.ActiveCfg = Release|iPhoneSimulator
		{10A5B743-4326-4017-87BA-706CFAD5DA7D}.Release|x64.Build.0 = Release|iPhoneSimulator
		{10A5B743-4326-4017-87BA-706CFAD5DA7D}.Release|x64.Deploy.0 = Release|iPhoneSimulator
		{10A5B743-4326-4017-87BA-706CFAD5DA7D}.Release|x86.ActiveCfg = Release|iPhoneSimulator
		{10A5B743-4326-4017-87BA-706CFAD5DA7D}.Release|x86.Build.0 = Release|iPhoneSimulator
		{10A5B743-4326-4017-87BA-706CFAD5DA7D}.Release|x86.Deploy.0 = Release|iPhoneSimulator
		{C8C481FE-D23F-41E5-ABAA-4D9A771F9A62}.Debug|Any CPU.ActiveCfg = Debug|Any CPU
		{C8C481FE-D23F-41E5-ABAA-4D9A771F9A62}.Debug|Any CPU.Build.0 = Debug|Any CPU
		{C8C481FE-D23F-41E5-ABAA-4D9A771F9A62}.Debug|Any CPU.Deploy.0 = Debug|Any CPU
		{C8C481FE-D23F-41E5-ABAA-4D9A771F9A62}.Debug|ARM.ActiveCfg = Debug|Any CPU
		{C8C481FE-D23F-41E5-ABAA-4D9A771F9A62}.Debug|ARM.Build.0 = Debug|Any CPU
		{C8C481FE-D23F-41E5-ABAA-4D9A771F9A62}.Debug|ARM.Deploy.0 = Debug|Any CPU
		{C8C481FE-D23F-41E5-ABAA-4D9A771F9A62}.Debug|iPhone.ActiveCfg = Debug|Any CPU
		{C8C481FE-D23F-41E5-ABAA-4D9A771F9A62}.Debug|iPhone.Build.0 = Debug|Any CPU
		{C8C481FE-D23F-41E5-ABAA-4D9A771F9A62}.Debug|iPhone.Deploy.0 = Debug|Any CPU
		{C8C481FE-D23F-41E5-ABAA-4D9A771F9A62}.Debug|iPhoneSimulator.ActiveCfg = Debug|Any CPU
		{C8C481FE-D23F-41E5-ABAA-4D9A771F9A62}.Debug|iPhoneSimulator.Build.0 = Debug|Any CPU
		{C8C481FE-D23F-41E5-ABAA-4D9A771F9A62}.Debug|iPhoneSimulator.Deploy.0 = Debug|Any CPU
		{C8C481FE-D23F-41E5-ABAA-4D9A771F9A62}.Debug|x64.ActiveCfg = Debug|Any CPU
		{C8C481FE-D23F-41E5-ABAA-4D9A771F9A62}.Debug|x64.Build.0 = Debug|Any CPU
		{C8C481FE-D23F-41E5-ABAA-4D9A771F9A62}.Debug|x64.Deploy.0 = Debug|Any CPU
		{C8C481FE-D23F-41E5-ABAA-4D9A771F9A62}.Debug|x86.ActiveCfg = Debug|Any CPU
		{C8C481FE-D23F-41E5-ABAA-4D9A771F9A62}.Debug|x86.Build.0 = Debug|Any CPU
		{C8C481FE-D23F-41E5-ABAA-4D9A771F9A62}.Debug|x86.Deploy.0 = Debug|Any CPU
		{C8C481FE-D23F-41E5-ABAA-4D9A771F9A62}.Release|Any CPU.ActiveCfg = Release|Any CPU
		{C8C481FE-D23F-41E5-ABAA-4D9A771F9A62}.Release|Any CPU.Build.0 = Release|Any CPU
		{C8C481FE-D23F-41E5-ABAA-4D9A771F9A62}.Release|Any CPU.Deploy.0 = Release|Any CPU
		{C8C481FE-D23F-41E5-ABAA-4D9A771F9A62}.Release|ARM.ActiveCfg = Release|Any CPU
		{C8C481FE-D23F-41E5-ABAA-4D9A771F9A62}.Release|ARM.Build.0 = Release|Any CPU
		{C8C481FE-D23F-41E5-ABAA-4D9A771F9A62}.Release|ARM.Deploy.0 = Release|Any CPU
		{C8C481FE-D23F-41E5-ABAA-4D9A771F9A62}.Release|iPhone.ActiveCfg = Release|Any CPU
		{C8C481FE-D23F-41E5-ABAA-4D9A771F9A62}.Release|iPhone.Build.0 = Release|Any CPU
		{C8C481FE-D23F-41E5-ABAA-4D9A771F9A62}.Release|iPhone.Deploy.0 = Release|Any CPU
		{C8C481FE-D23F-41E5-ABAA-4D9A771F9A62}.Release|iPhoneSimulator.ActiveCfg = Release|Any CPU
		{C8C481FE-D23F-41E5-ABAA-4D9A771F9A62}.Release|iPhoneSimulator.Build.0 = Release|Any CPU
		{C8C481FE-D23F-41E5-ABAA-4D9A771F9A62}.Release|iPhoneSimulator.Deploy.0 = Release|Any CPU
		{C8C481FE-D23F-41E5-ABAA-4D9A771F9A62}.Release|x64.ActiveCfg = Release|Any CPU
		{C8C481FE-D23F-41E5-ABAA-4D9A771F9A62}.Release|x64.Build.0 = Release|Any CPU
		{C8C481FE-D23F-41E5-ABAA-4D9A771F9A62}.Release|x64.Deploy.0 = Release|Any CPU
		{C8C481FE-D23F-41E5-ABAA-4D9A771F9A62}.Release|x86.ActiveCfg = Release|Any CPU
		{C8C481FE-D23F-41E5-ABAA-4D9A771F9A62}.Release|x86.Build.0 = Release|Any CPU
		{C8C481FE-D23F-41E5-ABAA-4D9A771F9A62}.Release|x86.Deploy.0 = Release|Any CPU
	EndGlobalSection
	GlobalSection(SolutionProperties) = preSolution
		HideSolutionNode = FALSE
	EndGlobalSection
	GlobalSection(ExtensibilityGlobals) = postSolution
		SolutionGuid = {69211BFD-C609-43F4-89E6-FA47F75A78DC}
	EndGlobalSection
EndGlobal
